
Microsoft Visual Studio Solution File, Format Version 12.00
# Visual Studio Version 16
VisualStudioVersion = 16.0.31613.86
MinimumVisualStudioVersion = 10.0.40219.1
Project("{FAE04EC0-301F-11D3-BF4B-00C04F79EFBC}") = "pr-32_prakt15_4_OAP_Kolyasnikova.V", "pr-32_prakt15_4_OAP_Kolyasnikova.V\pr-32_prakt15_4_OAP_Kolyasnikova.V.csproj", "{A93D23AC-88DD-40DF-8AEE-8F2BE8878BC5}"
EndProject
Global
	GlobalSection(SolutionConfigurationPlatforms) = preSolution
		Debug|Any CPU = Debug|Any CPU
		Release|Any CPU = Release|Any CPU
	EndGlobalSection
	GlobalSection(ProjectConfigurationPlatforms) = postSolution
		{A93D23AC-88DD-40DF-8AEE-8F2BE8878BC5}.Debug|Any CPU.ActiveCfg = Debug|Any CPU
		{A93D23AC-88DD-40DF-8AEE-8F2BE8878BC5}.Debug|Any CPU.Build.0 = Debug|Any CPU
		{A93D23AC-88DD-40DF-8AEE-8F2BE8878BC5}.Release|Any CPU.ActiveCfg = Release|Any CPU
		{A93D23AC-88DD-40DF-8AEE-8F2BE8878BC5}.Release|Any CPU.Build.0 = Release|Any CPU
	EndGlobalSection
	GlobalSection(SolutionProperties) = preSolution
		HideSolutionNode = FALSE
	EndGlobalSection
	GlobalSection(ExtensibilityGlobals) = postSolution
		SolutionGuid = {3DDD96C4-4618-4A92-8660-EB654DECDBA2}
	EndGlobalSection
EndGlobal
